{
  "name": "ft_transcendence",
  "version": "1.0.0",
  "lockfileVersion": 3,
  "requires": true,
  "packages": {
    "": {
      "name": "ft_transcendence",
      "version": "1.0.0",
      "license": "ISC",
      "dependencies": {
        "babylonjs": "^7.50.0",
        "dotenv": "^16.4.7",
        "tailwindcss": "^4.0.7"
      }
    },
    "node_modules/babylonjs": {
      "version": "7.50.0",
      "hasInstallScript": true,
      "license": "Apache-2.0"
    },
    "node_modules/dotenv": {
      "version": "16.4.7",
      "resolved": "https://registry.npmjs.org/dotenv/-/dotenv-16.4.7.tgz",
      "integrity": "sha512-47qPchRCykZC03FhkYAhrvwU4xDBFIj1QPqaarj6mdM/hgUzfPHcpkHJOn3mJAufFeeAxAzeGsr5X0M4k6fLZQ==",
      "license": "BSD-2-Clause",
      "engines": {
        "node": ">=12"
      },
      "funding": {
        "url": "https://dotenvx.com"
      }
    },
    "node_modules/tailwindcss": {
      "version": "4.0.7",
      "license": "MIT"
    }
  }
}
